// !$*UTF8*$!
{
	archiveVersion = 1;
	classes = {
	};
	objectVersion = 56;
	objects = {

/* Begin PBXBuildFile section */
		202E67052A7F548900256473 /* UserGeneratorViewController+Layout.swift in Sources */ = {isa = PBXBuildFile; fileRef = 202E67042A7F548900256473 /* UserGeneratorViewController+Layout.swift */; };
		202E67072A8064F300256473 /* UserDataView.swift in Sources */ = {isa = PBXBuildFile; fileRef = 202E67062A8064F300256473 /* UserDataView.swift */; };
		202E67092A80819A00256473 /* UserDataModel.swift in Sources */ = {isa = PBXBuildFile; fileRef = 202E67082A80819A00256473 /* UserDataModel.swift */; };
		202F796B2A746DA10020BC65 /* RamdomUserUseCase.swift in Sources */ = {isa = PBXBuildFile; fileRef = 202F796A2A746DA10020BC65 /* RamdomUserUseCase.swift */; };
		202F796D2A7470600020BC65 /* RamdomUserProvider.swift in Sources */ = {isa = PBXBuildFile; fileRef = 202F796C2A7470600020BC65 /* RamdomUserProvider.swift */; };
		202F79702A7479E80020BC65 /* UserGeneratorPresenter.swift in Sources */ = {isa = PBXBuildFile; fileRef = 202F796F2A7479E80020BC65 /* UserGeneratorPresenter.swift */; };
		202F79722A747F3C0020BC65 /* DataCardView.swift in Sources */ = {isa = PBXBuildFile; fileRef = 202F79712A747F3C0020BC65 /* DataCardView.swift */; };
		202F79742A747FF10020BC65 /* Constants.swift in Sources */ = {isa = PBXBuildFile; fileRef = 202F79732A747FF10020BC65 /* Constants.swift */; };
		202F79762A74822F0020BC65 /* Extensions.swift in Sources */ = {isa = PBXBuildFile; fileRef = 202F79752A74822F0020BC65 /* Extensions.swift */; };
		202F79792A7482D30020BC65 /* RamdomUserDependencyAssembler.swift in Sources */ = {isa = PBXBuildFile; fileRef = 202F79782A7482D30020BC65 /* RamdomUserDependencyAssembler.swift */; };
		20CA516A2A5E02AB0068CC62 /* Endpoint.swift in Sources */ = {isa = PBXBuildFile; fileRef = 20CA51692A5E02AB0068CC62 /* Endpoint.swift */; };
		20CA516C2A5E14A30068CC62 /* NetworkService.swift in Sources */ = {isa = PBXBuildFile; fileRef = 20CA516B2A5E14A30068CC62 /* NetworkService.swift */; };
		20CA516E2A5E28220068CC62 /* DataTransferService.swift in Sources */ = {isa = PBXBuildFile; fileRef = 20CA516D2A5E28220068CC62 /* DataTransferService.swift */; };
		20CA51712A5F014E0068CC62 /* RandomUserEndPoint.swift in Sources */ = {isa = PBXBuildFile; fileRef = 20CA51702A5F014E0068CC62 /* RandomUserEndPoint.swift */; };
		20CA51742A65AD590068CC62 /* RamdomUserAPIDataSource.swift in Sources */ = {isa = PBXBuildFile; fileRef = 20CA51732A65AD590068CC62 /* RamdomUserAPIDataSource.swift */; };
		20CA51762A65B1270068CC62 /* RamdomUserModel.swift in Sources */ = {isa = PBXBuildFile; fileRef = 20CA51752A65B1270068CC62 /* RamdomUserModel.swift */; };
		20CA51782A6646970068CC62 /* RamdomUserRepository.swift in Sources */ = {isa = PBXBuildFile; fileRef = 20CA51772A6646970068CC62 /* RamdomUserRepository.swift */; };
		20CA517B2A67131A0068CC62 /* DispatchQueueType.swift in Sources */ = {isa = PBXBuildFile; fileRef = 20CA517A2A67131A0068CC62 /* DispatchQueueType.swift */; };
		20CA517D2A67134E0068CC62 /* Cancellable.swift in Sources */ = {isa = PBXBuildFile; fileRef = 20CA517C2A67134E0068CC62 /* Cancellable.swift */; };
		20CA517F2A67137A0068CC62 /* ConnectionError.swift in Sources */ = {isa = PBXBuildFile; fileRef = 20CA517E2A67137A0068CC62 /* ConnectionError.swift */; };
		20CA51822A673F1E0068CC62 /* UserData.swift in Sources */ = {isa = PBXBuildFile; fileRef = 20CA51812A673F1E0068CC62 /* UserData.swift */; };
		20CA51852A6743C40068CC62 /* RamdomUserModel+Mapping.swift in Sources */ = {isa = PBXBuildFile; fileRef = 20CA51842A6743C40068CC62 /* RamdomUserModel+Mapping.swift */; };
		20CF598C2A57D4BD009DF6BE /* AppDelegate.swift in Sources */ = {isa = PBXBuildFile; fileRef = 20CF598B2A57D4BD009DF6BE /* AppDelegate.swift */; };
		20CF598E2A57D4BD009DF6BE /* SceneDelegate.swift in Sources */ = {isa = PBXBuildFile; fileRef = 20CF598D2A57D4BD009DF6BE /* SceneDelegate.swift */; };
		20CF59902A57D4BD009DF6BE /* UserGeneratorViewController.swift in Sources */ = {isa = PBXBuildFile; fileRef = 20CF598F2A57D4BD009DF6BE /* UserGeneratorViewController.swift */; };
		20CF59932A57D4BD009DF6BE /* Main.storyboard in Resources */ = {isa = PBXBuildFile; fileRef = 20CF59912A57D4BD009DF6BE /* Main.storyboard */; };
		20CF59952A57D4BD009DF6BE /* Assets.xcassets in Resources */ = {isa = PBXBuildFile; fileRef = 20CF59942A57D4BD009DF6BE /* Assets.xcassets */; };
		20CF59982A57D4BD009DF6BE /* LaunchScreen.storyboard in Resources */ = {isa = PBXBuildFile; fileRef = 20CF59962A57D4BD009DF6BE /* LaunchScreen.storyboard */; };
/* End PBXBuildFile section */

/* Begin PBXFileReference section */
		202E67042A7F548900256473 /* UserGeneratorViewController+Layout.swift */ = {isa = PBXFileReference; lastKnownFileType = sourcecode.swift; path = "UserGeneratorViewController+Layout.swift"; sourceTree = "<group>"; };
		202E67062A8064F300256473 /* UserDataView.swift */ = {isa = PBXFileReference; lastKnownFileType = sourcecode.swift; path = UserDataView.swift; sourceTree = "<group>"; };
		202E67082A80819A00256473 /* UserDataModel.swift */ = {isa = PBXFileReference; lastKnownFileType = sourcecode.swift; path = UserDataModel.swift; sourceTree = "<group>"; };
		202F796A2A746DA10020BC65 /* RamdomUserUseCase.swift */ = {isa = PBXFileReference; lastKnownFileType = sourcecode.swift; path = RamdomUserUseCase.swift; sourceTree = "<group>"; };
		202F796C2A7470600020BC65 /* RamdomUserProvider.swift */ = {isa = PBXFileReference; lastKnownFileType = sourcecode.swift; path = RamdomUserProvider.swift; sourceTree = "<group>"; };
		202F796F2A7479E80020BC65 /* UserGeneratorPresenter.swift */ = {isa = PBXFileReference; lastKnownFileType = sourcecode.swift; path = UserGeneratorPresenter.swift; sourceTree = "<group>"; };
		202F79712A747F3C0020BC65 /* DataCardView.swift */ = {isa = PBXFileReference; lastKnownFileType = sourcecode.swift; path = DataCardView.swift; sourceTree = "<group>"; };
		202F79732A747FF10020BC65 /* Constants.swift */ = {isa = PBXFileReference; lastKnownFileType = sourcecode.swift; path = Constants.swift; sourceTree = "<group>"; };
		202F79752A74822F0020BC65 /* Extensions.swift */ = {isa = PBXFileReference; lastKnownFileType = sourcecode.swift; path = Extensions.swift; sourceTree = "<group>"; };
		202F79782A7482D30020BC65 /* RamdomUserDependencyAssembler.swift */ = {isa = PBXFileReference; lastKnownFileType = sourcecode.swift; path = RamdomUserDependencyAssembler.swift; sourceTree = "<group>"; };
		20CA51692A5E02AB0068CC62 /* Endpoint.swift */ = {isa = PBXFileReference; lastKnownFileType = sourcecode.swift; path = Endpoint.swift; sourceTree = "<group>"; };
		20CA516B2A5E14A30068CC62 /* NetworkService.swift */ = {isa = PBXFileReference; lastKnownFileType = sourcecode.swift; path = NetworkService.swift; sourceTree = "<group>"; };
		20CA516D2A5E28220068CC62 /* DataTransferService.swift */ = {isa = PBXFileReference; lastKnownFileType = sourcecode.swift; path = DataTransferService.swift; sourceTree = "<group>"; };
		20CA51702A5F014E0068CC62 /* RandomUserEndPoint.swift */ = {isa = PBXFileReference; lastKnownFileType = sourcecode.swift; path = RandomUserEndPoint.swift; sourceTree = "<group>"; };
		20CA51732A65AD590068CC62 /* RamdomUserAPIDataSource.swift */ = {isa = PBXFileReference; lastKnownFileType = sourcecode.swift; path = RamdomUserAPIDataSource.swift; sourceTree = "<group>"; };
		20CA51752A65B1270068CC62 /* RamdomUserModel.swift */ = {isa = PBXFileReference; lastKnownFileType = sourcecode.swift; path = RamdomUserModel.swift; sourceTree = "<group>"; };
		20CA51772A6646970068CC62 /* RamdomUserRepository.swift */ = {isa = PBXFileReference; lastKnownFileType = sourcecode.swift; path = RamdomUserRepository.swift; sourceTree = "<group>"; };
		20CA517A2A67131A0068CC62 /* DispatchQueueType.swift */ = {isa = PBXFileReference; lastKnownFileType = sourcecode.swift; path = DispatchQueueType.swift; sourceTree = "<group>"; };
		20CA517C2A67134E0068CC62 /* Cancellable.swift */ = {isa = PBXFileReference; lastKnownFileType = sourcecode.swift; path = Cancellable.swift; sourceTree = "<group>"; };
		20CA517E2A67137A0068CC62 /* ConnectionError.swift */ = {isa = PBXFileReference; lastKnownFileType = sourcecode.swift; path = ConnectionError.swift; sourceTree = "<group>"; };
		20CA51812A673F1E0068CC62 /* UserData.swift */ = {isa = PBXFileReference; lastKnownFileType = sourcecode.swift; path = UserData.swift; sourceTree = "<group>"; };
		20CA51842A6743C40068CC62 /* RamdomUserModel+Mapping.swift */ = {isa = PBXFileReference; lastKnownFileType = sourcecode.swift; path = "RamdomUserModel+Mapping.swift"; sourceTree = "<group>"; };
		20CF59882A57D4BD009DF6BE /* TestProject1.app */ = {isa = PBXFileReference; explicitFileType = wrapper.application; includeInIndex = 0; path = TestProject1.app; sourceTree = BUILT_PRODUCTS_DIR; };
		20CF598B2A57D4BD009DF6BE /* AppDelegate.swift */ = {isa = PBXFileReference; lastKnownFileType = sourcecode.swift; path = AppDelegate.swift; sourceTree = "<group>"; };
		20CF598D2A57D4BD009DF6BE /* SceneDelegate.swift */ = {isa = PBXFileReference; lastKnownFileType = sourcecode.swift; path = SceneDelegate.swift; sourceTree = "<group>"; };
		20CF598F2A57D4BD009DF6BE /* UserGeneratorViewController.swift */ = {isa = PBXFileReference; lastKnownFileType = sourcecode.swift; path = UserGeneratorViewController.swift; sourceTree = "<group>"; };
		20CF59922A57D4BD009DF6BE /* Base */ = {isa = PBXFileReference; lastKnownFileType = file.storyboard; name = Base; path = Base.lproj/Main.storyboard; sourceTree = "<group>"; };
		20CF59942A57D4BD009DF6BE /* Assets.xcassets */ = {isa = PBXFileReference; lastKnownFileType = folder.assetcatalog; path = Assets.xcassets; sourceTree = "<group>"; };
		20CF59972A57D4BD009DF6BE /* Base */ = {isa = PBXFileReference; lastKnownFileType = file.storyboard; name = Base; path = Base.lproj/LaunchScreen.storyboard; sourceTree = "<group>"; };
		20CF59992A57D4BD009DF6BE /* Info.plist */ = {isa = PBXFileReference; lastKnownFileType = text.plist.xml; path = Info.plist; sourceTree = "<group>"; };
/* End PBXFileReference section */

/* Begin PBXFrameworksBuildPhase section */
		20CF59852A57D4BD009DF6BE /* Frameworks */ = {
			isa = PBXFrameworksBuildPhase;
			buildActionMask = 2147483647;
			files = (
			);
			runOnlyForDeploymentPostprocessing = 0;
		};
/* End PBXFrameworksBuildPhase section */

/* Begin PBXGroup section */
		202F796E2A7479BA0020BC65 /* Presentation */ = {
			isa = PBXGroup;
			children = (
				202F796F2A7479E80020BC65 /* UserGeneratorPresenter.swift */,
				202F79712A747F3C0020BC65 /* DataCardView.swift */,
				20CF598F2A57D4BD009DF6BE /* UserGeneratorViewController.swift */,
				202E67042A7F548900256473 /* UserGeneratorViewController+Layout.swift */,
				202E67062A8064F300256473 /* UserDataView.swift */,
				202E67082A80819A00256473 /* UserDataModel.swift */,
			);
			path = Presentation;
			sourceTree = "<group>";
		};
		202F79772A7482940020BC65 /* DI */ = {
			isa = PBXGroup;
			children = (
				202F79782A7482D30020BC65 /* RamdomUserDependencyAssembler.swift */,
			);
			path = DI;
			sourceTree = "<group>";
		};
		20CA51682A5E01530068CC62 /* Networking */ = {
			isa = PBXGroup;
			children = (
				20CA51692A5E02AB0068CC62 /* Endpoint.swift */,
				20CA516B2A5E14A30068CC62 /* NetworkService.swift */,
				20CA516D2A5E28220068CC62 /* DataTransferService.swift */,
			);
			path = Networking;
			sourceTree = "<group>";
		};
		20CA51722A65AC4C0068CC62 /* Data */ = {
			isa = PBXGroup;
			children = (
				20CA51702A5F014E0068CC62 /* RandomUserEndPoint.swift */,
				20CA51752A65B1270068CC62 /* RamdomUserModel.swift */,
				20CA51732A65AD590068CC62 /* RamdomUserAPIDataSource.swift */,
				20CA51772A6646970068CC62 /* RamdomUserRepository.swift */,
				20CA51842A6743C40068CC62 /* RamdomUserModel+Mapping.swift */,
			);
			path = Data;
			sourceTree = "<group>";
		};
		20CA51792A6711AB0068CC62 /* Common */ = {
			isa = PBXGroup;
			children = (
				20CA517A2A67131A0068CC62 /* DispatchQueueType.swift */,
				20CA517C2A67134E0068CC62 /* Cancellable.swift */,
				20CA517E2A67137A0068CC62 /* ConnectionError.swift */,
				202F79732A747FF10020BC65 /* Constants.swift */,
				202F79752A74822F0020BC65 /* Extensions.swift */,
			);
			path = Common;
			sourceTree = "<group>";
		};
		20CA51802A673ED90068CC62 /* Domain */ = {
			isa = PBXGroup;
			children = (
				20CA51812A673F1E0068CC62 /* UserData.swift */,
				202F796A2A746DA10020BC65 /* RamdomUserUseCase.swift */,
				202F796C2A7470600020BC65 /* RamdomUserProvider.swift */,
			);
			path = Domain;
			sourceTree = "<group>";
		};
		20CF597F2A57D4BC009DF6BE = {
			isa = PBXGroup;
			children = (
				20CF598A2A57D4BD009DF6BE /* TestProject1 */,
				20CF59892A57D4BD009DF6BE /* Products */,
			);
			sourceTree = "<group>";
		};
		20CF59892A57D4BD009DF6BE /* Products */ = {
			isa = PBXGroup;
			children = (
				20CF59882A57D4BD009DF6BE /* TestProject1.app */,
			);
			name = Products;
			sourceTree = "<group>";
		};
		20CF598A2A57D4BD009DF6BE /* TestProject1 */ = {
			isa = PBXGroup;
			children = (
				20CA51792A6711AB0068CC62 /* Common */,
				20CA51682A5E01530068CC62 /* Networking */,
				20CA51722A65AC4C0068CC62 /* Data */,
				20CA51802A673ED90068CC62 /* Domain */,
				202F796E2A7479BA0020BC65 /* Presentation */,
				202F79772A7482940020BC65 /* DI */,
				20CF598B2A57D4BD009DF6BE /* AppDelegate.swift */,
				20CF598D2A57D4BD009DF6BE /* SceneDelegate.swift */,
				20CF59912A57D4BD009DF6BE /* Main.storyboard */,
				20CF59942A57D4BD009DF6BE /* Assets.xcassets */,
				20CF59962A57D4BD009DF6BE /* LaunchScreen.storyboard */,
				20CF59992A57D4BD009DF6BE /* Info.plist */,
			);
			path = TestProject1;
			sourceTree = "<group>";
		};
/* End PBXGroup section */

/* Begin PBXNativeTarget section */
		20CF59872A57D4BD009DF6BE /* TestProject1 */ = {
			isa = PBXNativeTarget;
			buildConfigurationList = 20CF599C2A57D4BD009DF6BE /* Build configuration list for PBXNativeTarget "TestProject1" */;
			buildPhases = (
				20CF59842A57D4BD009DF6BE /* Sources */,
				20CF59852A57D4BD009DF6BE /* Frameworks */,
				20CF59862A57D4BD009DF6BE /* Resources */,
			);
			buildRules = (
			);
			dependencies = (
			);
			name = TestProject1;
			productName = TestProject1;
			productReference = 20CF59882A57D4BD009DF6BE /* TestProject1.app */;
			productType = "com.apple.product-type.application";
		};
/* End PBXNativeTarget section */

/* Begin PBXProject section */
		20CF59802A57D4BC009DF6BE /* Project object */ = {
			isa = PBXProject;
			attributes = {
				BuildIndependentTargetsInParallel = 1;
				LastSwiftUpdateCheck = 1500;
				LastUpgradeCheck = 1500;
				TargetAttributes = {
					20CF59872A57D4BD009DF6BE = {
						CreatedOnToolsVersion = 15.0;
					};
				};
			};
			buildConfigurationList = 20CF59832A57D4BC009DF6BE /* Build configuration list for PBXProject "TestProject1" */;
			compatibilityVersion = "Xcode 14.0";
			developmentRegion = en;
			hasScannedForEncodings = 0;
			knownRegions = (
				en,
				Base,
			);
			mainGroup = 20CF597F2A57D4BC009DF6BE;
			productRefGroup = 20CF59892A57D4BD009DF6BE /* Products */;
			projectDirPath = "";
			projectRoot = "";
			targets = (
				20CF59872A57D4BD009DF6BE /* TestProject1 */,
			);
		};
/* End PBXProject section */

/* Begin PBXResourcesBuildPhase section */
		20CF59862A57D4BD009DF6BE /* Resources */ = {
			isa = PBXResourcesBuildPhase;
			buildActionMask = 2147483647;
			files = (
				20CF59982A57D4BD009DF6BE /* LaunchScreen.storyboard in Resources */,
				20CF59952A57D4BD009DF6BE /* Assets.xcassets in Resources */,
				20CF59932A57D4BD009DF6BE /* Main.storyboard in Resources */,
			);
			runOnlyForDeploymentPostprocessing = 0;
		};
/* End PBXResourcesBuildPhase section */

/* Begin PBXSourcesBuildPhase section */
		20CF59842A57D4BD009DF6BE /* Sources */ = {
			isa = PBXSourcesBuildPhase;
			buildActionMask = 2147483647;
			files = (
				20CA51782A6646970068CC62 /* RamdomUserRepository.swift in Sources */,
				20CA516E2A5E28220068CC62 /* DataTransferService.swift in Sources */,
				20CA51822A673F1E0068CC62 /* UserData.swift in Sources */,
				20CA517F2A67137A0068CC62 /* ConnectionError.swift in Sources */,
				202E67052A7F548900256473 /* UserGeneratorViewController+Layout.swift in Sources */,
				202F79792A7482D30020BC65 /* RamdomUserDependencyAssembler.swift in Sources */,
				20CA51852A6743C40068CC62 /* RamdomUserModel+Mapping.swift in Sources */,
				202F79702A7479E80020BC65 /* UserGeneratorPresenter.swift in Sources */,
				20CA516C2A5E14A30068CC62 /* NetworkService.swift in Sources */,
				20CA51712A5F014E0068CC62 /* RandomUserEndPoint.swift in Sources */,
				202F79722A747F3C0020BC65 /* DataCardView.swift in Sources */,
				20CF59902A57D4BD009DF6BE /* UserGeneratorViewController.swift in Sources */,
				20CA51742A65AD590068CC62 /* RamdomUserAPIDataSource.swift in Sources */,
				20CA517D2A67134E0068CC62 /* Cancellable.swift in Sources */,
				202F796B2A746DA10020BC65 /* RamdomUserUseCase.swift in Sources */,
				202F79762A74822F0020BC65 /* Extensions.swift in Sources */,
				20CA517B2A67131A0068CC62 /* DispatchQueueType.swift in Sources */,
				202E67072A8064F300256473 /* UserDataView.swift in Sources */,
				20CF598C2A57D4BD009DF6BE /* AppDelegate.swift in Sources */,
				202F79742A747FF10020BC65 /* Constants.swift in Sources */,
				202F796D2A7470600020BC65 /* RamdomUserProvider.swift in Sources */,
				20CA516A2A5E02AB0068CC62 /* Endpoint.swift in Sources */,
				202E67092A80819A00256473 /* UserDataModel.swift in Sources */,
				20CF598E2A57D4BD009DF6BE /* SceneDelegate.swift in Sources */,
				20CA51762A65B1270068CC62 /* RamdomUserModel.swift in Sources */,
			);
			runOnlyForDeploymentPostprocessing = 0;
		};
/* End PBXSourcesBuildPhase section */

/* Begin PBXVariantGroup section */
		20CF59912A57D4BD009DF6BE /* Main.storyboard */ = {
			isa = PBXVariantGroup;
			children = (
				20CF59922A57D4BD009DF6BE /* Base */,
			);
			name = Main.storyboard;
			sourceTree = "<group>";
		};
		20CF59962A57D4BD009DF6BE /* LaunchScreen.storyboard */ = {
			isa = PBXVariantGroup;
			children = (
				20CF59972A57D4BD009DF6BE /* Base */,
			);
			name = LaunchScreen.storyboard;
			sourceTree = "<group>";
		};
/* End PBXVariantGroup section */

/* Begin XCBuildConfiguration section */
		20CF599A2A57D4BD009DF6BE /* Debug */ = {
			isa = XCBuildConfiguration;
			buildSettings = {
				ALWAYS_SEARCH_USER_PATHS = NO;
				ASSETCATALOG_COMPILER_GENERATE_SWIFT_ASSET_SYMBOL_EXTENSIONS = YES;
				CLANG_ANALYZER_NONNULL = YES;
				CLANG_ANALYZER_NUMBER_OBJECT_CONVERSION = YES_AGGRESSIVE;
				CLANG_CXX_LANGUAGE_STANDARD = "gnu++20";
				CLANG_ENABLE_MODULES = YES;
				CLANG_ENABLE_OBJC_ARC = YES;
				CLANG_ENABLE_OBJC_WEAK = YES;
				CLANG_WARN_BLOCK_CAPTURE_AUTORELEASING = YES;
				CLANG_WARN_BOOL_CONVERSION = YES;
				CLANG_WARN_COMMA = YES;
				CLANG_WARN_CONSTANT_CONVERSION = YES;
				CLANG_WARN_DEPRECATED_OBJC_IMPLEMENTATIONS = YES;
				CLANG_WARN_DIRECT_OBJC_ISA_USAGE = YES_ERROR;
				CLANG_WARN_DOCUMENTATION_COMMENTS = YES;
				CLANG_WARN_EMPTY_BODY = YES;
				CLANG_WARN_ENUM_CONVERSION = YES;
				CLANG_WARN_INFINITE_RECURSION = YES;
				CLANG_WARN_INT_CONVERSION = YES;
				CLANG_WARN_NON_LITERAL_NULL_CONVERSION = YES;
				CLANG_WARN_OBJC_IMPLICIT_RETAIN_SELF = YES;
				CLANG_WARN_OBJC_LITERAL_CONVERSION = YES;
				CLANG_WARN_OBJC_ROOT_CLASS = YES_ERROR;
				CLANG_WARN_QUOTED_INCLUDE_IN_FRAMEWORK_HEADER = YES;
				CLANG_WARN_RANGE_LOOP_ANALYSIS = YES;
				CLANG_WARN_STRICT_PROTOTYPES = YES;
				CLANG_WARN_SUSPICIOUS_MOVE = YES;
				CLANG_WARN_UNGUARDED_AVAILABILITY = YES_AGGRESSIVE;
				CLANG_WARN_UNREACHABLE_CODE = YES;
				CLANG_WARN__DUPLICATE_METHOD_MATCH = YES;
				COPY_PHASE_STRIP = NO;
				DEBUG_INFORMATION_FORMAT = dwarf;
				ENABLE_STRICT_OBJC_MSGSEND = YES;
				ENABLE_TESTABILITY = YES;
				ENABLE_USER_SCRIPT_SANDBOXING = YES;
				GCC_C_LANGUAGE_STANDARD = gnu17;
				GCC_DYNAMIC_NO_PIC = NO;
				GCC_NO_COMMON_BLOCKS = YES;
				GCC_OPTIMIZATION_LEVEL = 0;
				GCC_PREPROCESSOR_DEFINITIONS = (
					"DEBUG=1",
					"$(inherited)",
				);
				GCC_WARN_64_TO_32_BIT_CONVERSION = YES;
				GCC_WARN_ABOUT_RETURN_TYPE = YES_ERROR;
				GCC_WARN_UNDECLARED_SELECTOR = YES;
				GCC_WARN_UNINITIALIZED_AUTOS = YES_AGGRESSIVE;
				GCC_WARN_UNUSED_FUNCTION = YES;
				GCC_WARN_UNUSED_VARIABLE = YES;
				IPHONEOS_DEPLOYMENT_TARGET = 17.0;
				LOCALIZATION_PREFERS_STRING_CATALOGS = YES;
				MTL_ENABLE_DEBUG_INFO = INCLUDE_SOURCE;
				MTL_FAST_MATH = YES;
				ONLY_ACTIVE_ARCH = YES;
				SDKROOT = iphoneos;
				SWIFT_ACTIVE_COMPILATION_CONDITIONS = "DEBUG $(inherited)";
				SWIFT_OPTIMIZATION_LEVEL = "-Onone";
			};
			name = Debug;
		};
		20CF599B2A57D4BD009DF6BE /* Release */ = {
			isa = XCBuildConfiguration;
			buildSettings = {
				ALWAYS_SEARCH_USER_PATHS = NO;
				ASSETCATALOG_COMPILER_GENERATE_SWIFT_ASSET_SYMBOL_EXTENSIONS = YES;
				CLANG_ANALYZER_NONNULL = YES;
				CLANG_ANALYZER_NUMBER_OBJECT_CONVERSION = YES_AGGRESSIVE;
				CLANG_CXX_LANGUAGE_STANDARD = "gnu++20";
				CLANG_ENABLE_MODULES = YES;
				CLANG_ENABLE_OBJC_ARC = YES;
				CLANG_ENABLE_OBJC_WEAK = YES;
				CLANG_WARN_BLOCK_CAPTURE_AUTORELEASING = YES;
				CLANG_WARN_BOOL_CONVERSION = YES;
				CLANG_WARN_COMMA = YES;
				CLANG_WARN_CONSTANT_CONVERSION = YES;
				CLANG_WARN_DEPRECATED_OBJC_IMPLEMENTATIONS = YES;
				CLANG_WARN_DIRECT_OBJC_ISA_USAGE = YES_ERROR;
				CLANG_WARN_DOCUMENTATION_COMMENTS = YES;
				CLANG_WARN_EMPTY_BODY = YES;
				CLANG_WARN_ENUM_CONVERSION = YES;
				CLANG_WARN_INFINITE_RECURSION = YES;
				CLANG_WARN_INT_CONVERSION = YES;
				CLANG_WARN_NON_LITERAL_NULL_CONVERSION = YES;
				CLANG_WARN_OBJC_IMPLICIT_RETAIN_SELF = YES;
				CLANG_WARN_OBJC_LITERAL_CONVERSION = YES;
				CLANG_WARN_OBJC_ROOT_CLASS = YES_ERROR;
				CLANG_WARN_QUOTED_INCLUDE_IN_FRAMEWORK_HEADER = YES;
				CLANG_WARN_RANGE_LOOP_ANALYSIS = YES;
				CLANG_WARN_STRICT_PROTOTYPES = YES;
				CLANG_WARN_SUSPICIOUS_MOVE = YES;
				CLANG_WARN_UNGUARDED_AVAILABILITY = YES_AGGRESSIVE;
				CLANG_WARN_UNREACHABLE_CODE = YES;
				CLANG_WARN__DUPLICATE_METHOD_MATCH = YES;
				COPY_PHASE_STRIP = NO;
				DEBUG_INFORMATION_FORMAT = "dwarf-with-dsym";
				ENABLE_NS_ASSERTIONS = NO;
				ENABLE_STRICT_OBJC_MSGSEND = YES;
				ENABLE_USER_SCRIPT_SANDBOXING = YES;
				GCC_C_LANGUAGE_STANDARD = gnu17;
				GCC_NO_COMMON_BLOCKS = YES;
				GCC_WARN_64_TO_32_BIT_CONVERSION = YES;
				GCC_WARN_ABOUT_RETURN_TYPE = YES_ERROR;
				GCC_WARN_UNDECLARED_SELECTOR = YES;
				GCC_WARN_UNINITIALIZED_AUTOS = YES_AGGRESSIVE;
				GCC_WARN_UNUSED_FUNCTION = YES;
				GCC_WARN_UNUSED_VARIABLE = YES;
				IPHONEOS_DEPLOYMENT_TARGET = 17.0;
				LOCALIZATION_PREFERS_STRING_CATALOGS = YES;
				MTL_ENABLE_DEBUG_INFO = NO;
				MTL_FAST_MATH = YES;
				SDKROOT = iphoneos;
				SWIFT_COMPILATION_MODE = wholemodule;
				VALIDATE_PRODUCT = YES;
			};
			name = Release;
		};
		20CF599D2A57D4BD009DF6BE /* Debug */ = {
			isa = XCBuildConfiguration;
			buildSettings = {
				ASSETCATALOG_COMPILER_APPICON_NAME = AppIcon;
				ASSETCATALOG_COMPILER_GLOBAL_ACCENT_COLOR_NAME = AccentColor;
				CODE_SIGN_STYLE = Automatic;
				CURRENT_PROJECT_VERSION = 1;
				GENERATE_INFOPLIST_FILE = YES;
				INFOPLIST_FILE = TestProject1/Info.plist;
				INFOPLIST_KEY_UIApplicationSupportsIndirectInputEvents = YES;
				INFOPLIST_KEY_UILaunchStoryboardName = LaunchScreen;
				INFOPLIST_KEY_UIMainStoryboardFile = Main;
				INFOPLIST_KEY_UISupportedInterfaceOrientations_iPad = "UIInterfaceOrientationPortrait UIInterfaceOrientationPortraitUpsideDown UIInterfaceOrientationLandscapeLeft UIInterfaceOrientationLandscapeRight";
				INFOPLIST_KEY_UISupportedInterfaceOrientations_iPhone = "UIInterfaceOrientationPortrait UIInterfaceOrientationLandscapeLeft UIInterfaceOrientationLandscapeRight";
				IPHONEOS_DEPLOYMENT_TARGET = 15.0;
				LD_RUNPATH_SEARCH_PATHS = (
					"$(inherited)",
					"@executable_path/Frameworks",
				);
				MARKETING_VERSION = 1.0;
				PRODUCT_BUNDLE_IDENTIFIER = Parduh.TestProject1;
				PRODUCT_NAME = "$(TARGET_NAME)";
				SWIFT_EMIT_LOC_STRINGS = YES;
				SWIFT_VERSION = 5.0;
				TARGETED_DEVICE_FAMILY = "1,2";
			};
			name = Debug;
		};
		20CF599E2A57D4BD009DF6BE /* Release */ = {
			isa = XCBuildConfiguration;
			buildSettings = {
				ASSETCATALOG_COMPILER_APPICON_NAME = AppIcon;
				ASSETCATALOG_COMPILER_GLOBAL_ACCENT_COLOR_NAME = AccentColor;
				CODE_SIGN_STYLE = Automatic;
				CURRENT_PROJECT_VERSION = 1;
				GENERATE_INFOPLIST_FILE = YES;
				INFOPLIST_FILE = TestProject1/Info.plist;
				INFOPLIST_KEY_UIApplicationSupportsIndirectInputEvents = YES;
				INFOPLIST_KEY_UILaunchStoryboardName = LaunchScreen;
				INFOPLIST_KEY_UIMainStoryboardFile = Main;
				INFOPLIST_KEY_UISupportedInterfaceOrientations_iPad = "UIInterfaceOrientationPortrait UIInterfaceOrientationPortraitUpsideDown UIInterfaceOrientationLandscapeLeft UIInterfaceOrientationLandscapeRight";
				INFOPLIST_KEY_UISupportedInterfaceOrientations_iPhone = "UIInterfaceOrientationPortrait UIInterfaceOrientationLandscapeLeft UIInterfaceOrientationLandscapeRight";
				IPHONEOS_DEPLOYMENT_TARGET = 15.0;
				LD_RUNPATH_SEARCH_PATHS = (
					"$(inherited)",
					"@executable_path/Frameworks",
				);
				MARKETING_VERSION = 1.0;
				PRODUCT_BUNDLE_IDENTIFIER = Parduh.TestProject1;
				PRODUCT_NAME = "$(TARGET_NAME)";
				SWIFT_EMIT_LOC_STRINGS = YES;
				SWIFT_VERSION = 5.0;
				TARGETED_DEVICE_FAMILY = "1,2";
			};
			name = Release;
		};
/* End XCBuildConfiguration section */

/* Begin XCConfigurationList section */
		20CF59832A57D4BC009DF6BE /* Build configuration list for PBXProject "TestProject1" */ = {
			isa = XCConfigurationList;
			buildConfigurations = (
				20CF599A2A57D4BD009DF6BE /* Debug */,
				20CF599B2A57D4BD009DF6BE /* Release */,
			);
			defaultConfigurationIsVisible = 0;
			defaultConfigurationName = Release;
		};
		20CF599C2A57D4BD009DF6BE /* Build configuration list for PBXNativeTarget "TestProject1" */ = {
			isa = XCConfigurationList;
			buildConfigurations = (
				20CF599D2A57D4BD009DF6BE /* Debug */,
				20CF599E2A57D4BD009DF6BE /* Release */,
			);
			defaultConfigurationIsVisible = 0;
			defaultConfigurationName = Release;
		};
/* End XCConfigurationList section */
	};
	rootObject = 20CF59802A57D4BC009DF6BE /* Project object */;
}
